
Microsoft Visual Studio Solution File, Format Version 12.00
Project("{FAE04EC0-301F-11D3-BF4B-00C04F79EFBC}") = "OpdexToken", "src\OpdexToken\OpdexToken.csproj", "{511A5534-D875-4892-9A83-8137BA6EBF3E}"
EndProject
Project("{FAE04EC0-301F-11D3-BF4B-00C04F79EFBC}") = "OpdexTokenTests", "test\OpdexTokenTests\OpdexTokenTests.csproj", "{E4DE208A-D05C-434F-8045-B717ADE1089B}"
EndProject
Global
	GlobalSection(SolutionConfigurationPlatforms) = preSolution
		Debug|Any CPU = Debug|Any CPU
		Release|Any CPU = Release|Any CPU
	EndGlobalSection
	GlobalSection(ProjectConfigurationPlatforms) = postSolution
		{511A5534-D875-4892-9A83-8137BA6EBF3E}.Debug|Any CPU.ActiveCfg = Debug|Any CPU
		{511A5534-D875-4892-9A83-8137BA6EBF3E}.Debug|Any CPU.Build.0 = Debug|Any CPU
		{511A5534-D875-4892-9A83-8137BA6EBF3E}.Release|Any CPU.ActiveCfg = Release|Any CPU
		{511A5534-D875-4892-9A83-8137BA6EBF3E}.Release|Any CPU.Build.0 = Release|Any CPU
		{E4DE208A-D05C-434F-8045-B717ADE1089B}.Debug|Any CPU.ActiveCfg = Debug|Any CPU
		{E4DE208A-D05C-434F-8045-B717ADE1089B}.Debug|Any CPU.Build.0 = Debug|Any CPU
		{E4DE208A-D05C-434F-8045-B717ADE1089B}.Release|Any CPU.ActiveCfg = Release|Any CPU
		{E4DE208A-D05C-434F-8045-B717ADE1089B}.Release|Any CPU.Build.0 = Release|Any CPU
	EndGlobalSection
EndGlobal
